// !$*UTF8*$!
{
	archiveVersion = 1;
	classes = {
	};
	objectVersion = 50;
	objects = {

/* Begin PBXBuildFile section */
		4520E64923F955A800BBD06F /* DBHelper.swift in Sources */ = {isa = PBXBuildFile; fileRef = 4520E64823F955A800BBD06F /* DBHelper.swift */; };
		4520E64B23F95B5400BBD06F /* personViewController.swift in Sources */ = {isa = PBXBuildFile; fileRef = 4520E64A23F95B5400BBD06F /* personViewController.swift */; };
		4520E64D23F95D2300BBD06F /* personCell.swift in Sources */ = {isa = PBXBuildFile; fileRef = 4520E64C23F95D2300BBD06F /* personCell.swift */; };
		452ECC6E23F96F3900909ED5 /* pSTaRTErrors.swift in Sources */ = {isa = PBXBuildFile; fileRef = 452ECC6D23F96F3900909ED5 /* pSTaRTErrors.swift */; };
		452ECC9423F9844A00909ED5 /* ScannerView.xib in Resources */ = {isa = PBXBuildFile; fileRef = 452ECC9623F9844A00909ED5 /* ScannerView.xib */; };
		452ECC9B23F986ED00909ED5 /* InfoPlist.strings in Resources */ = {isa = PBXBuildFile; fileRef = 452ECC9D23F986ED00909ED5 /* InfoPlist.strings */; };
		457AA76B23806AF100A11755 /* Localizable.strings in Resources */ = {isa = PBXBuildFile; fileRef = 457AA76D23806AF100A11755 /* Localizable.strings */; };
		458DB651245C23110072CF45 /* HelperFunctions.swift in Sources */ = {isa = PBXBuildFile; fileRef = 458DB650245C23110072CF45 /* HelperFunctions.swift */; };
		458FB809237F0F1A0060A8FB /* AppDelegate.swift in Sources */ = {isa = PBXBuildFile; fileRef = 458FB808237F0F1A0060A8FB /* AppDelegate.swift */; };
		458FB80B237F0F1A0060A8FB /* SceneDelegate.swift in Sources */ = {isa = PBXBuildFile; fileRef = 458FB80A237F0F1A0060A8FB /* SceneDelegate.swift */; };
		458FB80D237F0F1A0060A8FB /* ViewController.swift in Sources */ = {isa = PBXBuildFile; fileRef = 458FB80C237F0F1A0060A8FB /* ViewController.swift */; };
		458FB810237F0F1A0060A8FB /* Main.storyboard in Resources */ = {isa = PBXBuildFile; fileRef = 458FB80E237F0F1A0060A8FB /* Main.storyboard */; };
		458FB813237F0F1A0060A8FB /* pSTaRT.xcdatamodeld in Sources */ = {isa = PBXBuildFile; fileRef = 458FB811237F0F1A0060A8FB /* pSTaRT.xcdatamodeld */; };
		458FB815237F0F1B0060A8FB /* Assets.xcassets in Resources */ = {isa = PBXBuildFile; fileRef = 458FB814237F0F1B0060A8FB /* Assets.xcassets */; };
		458FB818237F0F1B0060A8FB /* LaunchScreen.storyboard in Resources */ = {isa = PBXBuildFile; fileRef = 458FB816237F0F1B0060A8FB /* LaunchScreen.storyboard */; };
		458FB820237F119A0060A8FB /* Questionnaire.swift in Sources */ = {isa = PBXBuildFile; fileRef = 458FB81F237F119A0060A8FB /* Questionnaire.swift */; };
		458FB822237FF1D30060A8FB /* TriageGroupDisplay.swift in Sources */ = {isa = PBXBuildFile; fileRef = 458FB821237FF1D30060A8FB /* TriageGroupDisplay.swift */; };
		45FB5743239BA082005B3417 /* ScannerView.swift in Sources */ = {isa = PBXBuildFile; fileRef = 45FB5742239BA082005B3417 /* ScannerView.swift */; };
/* End PBXBuildFile section */

/* Begin PBXFileReference section */
		4520E64823F955A800BBD06F /* DBHelper.swift */ = {isa = PBXFileReference; lastKnownFileType = sourcecode.swift; path = DBHelper.swift; sourceTree = "<group>"; };
		4520E64A23F95B5400BBD06F /* personViewController.swift */ = {isa = PBXFileReference; lastKnownFileType = sourcecode.swift; path = personViewController.swift; sourceTree = "<group>"; };
		4520E64C23F95D2300BBD06F /* personCell.swift */ = {isa = PBXFileReference; lastKnownFileType = sourcecode.swift; path = personCell.swift; sourceTree = "<group>"; };
		452ECC6D23F96F3900909ED5 /* pSTaRTErrors.swift */ = {isa = PBXFileReference; lastKnownFileType = sourcecode.swift; path = pSTaRTErrors.swift; sourceTree = "<group>"; };
		452ECC9523F9844A00909ED5 /* Base */ = {isa = PBXFileReference; lastKnownFileType = file.xib; name = Base; path = Base.lproj/ScannerView.xib; sourceTree = "<group>"; };
		452ECC9823F9845100909ED5 /* de */ = {isa = PBXFileReference; lastKnownFileType = text.plist.strings; name = de; path = de.lproj/ScannerView.strings; sourceTree = "<group>"; };
		452ECC9C23F986ED00909ED5 /* en */ = {isa = PBXFileReference; lastKnownFileType = text.plist.strings; name = en; path = en.lproj/InfoPlist.strings; sourceTree = "<group>"; };
		452ECC9E23F986F100909ED5 /* de */ = {isa = PBXFileReference; lastKnownFileType = text.plist.strings; name = de; path = de.lproj/InfoPlist.strings; sourceTree = "<group>"; };
		457AA76E23806AF300A11755 /* en */ = {isa = PBXFileReference; lastKnownFileType = text.plist.strings; name = en; path = en.lproj/Localizable.strings; sourceTree = "<group>"; };
		458DB650245C23110072CF45 /* HelperFunctions.swift */ = {isa = PBXFileReference; lastKnownFileType = sourcecode.swift; path = HelperFunctions.swift; sourceTree = "<group>"; };
		458FB805237F0F1A0060A8FB /* pSTaRT.app */ = {isa = PBXFileReference; explicitFileType = wrapper.application; includeInIndex = 0; path = pSTaRT.app; sourceTree = BUILT_PRODUCTS_DIR; };
		458FB808237F0F1A0060A8FB /* AppDelegate.swift */ = {isa = PBXFileReference; lastKnownFileType = sourcecode.swift; path = AppDelegate.swift; sourceTree = "<group>"; };
		458FB80A237F0F1A0060A8FB /* SceneDelegate.swift */ = {isa = PBXFileReference; lastKnownFileType = sourcecode.swift; path = SceneDelegate.swift; sourceTree = "<group>"; };
		458FB80C237F0F1A0060A8FB /* ViewController.swift */ = {isa = PBXFileReference; lastKnownFileType = sourcecode.swift; path = ViewController.swift; sourceTree = "<group>"; };
		458FB812237F0F1A0060A8FB /* pSTaRT.xcdatamodel */ = {isa = PBXFileReference; lastKnownFileType = wrapper.xcdatamodel; path = pSTaRT.xcdatamodel; sourceTree = "<group>"; };
		458FB814237F0F1B0060A8FB /* Assets.xcassets */ = {isa = PBXFileReference; lastKnownFileType = folder.assetcatalog; path = Assets.xcassets; sourceTree = "<group>"; };
		458FB819237F0F1B0060A8FB /* Info.plist */ = {isa = PBXFileReference; lastKnownFileType = text.plist.xml; path = Info.plist; sourceTree = "<group>"; };
		458FB81F237F119A0060A8FB /* Questionnaire.swift */ = {isa = PBXFileReference; lastKnownFileType = sourcecode.swift; path = Questionnaire.swift; sourceTree = "<group>"; };
		458FB821237FF1D30060A8FB /* TriageGroupDisplay.swift */ = {isa = PBXFileReference; lastKnownFileType = sourcecode.swift; path = TriageGroupDisplay.swift; sourceTree = "<group>"; };
		45FB5742239BA082005B3417 /* ScannerView.swift */ = {isa = PBXFileReference; lastKnownFileType = sourcecode.swift; path = ScannerView.swift; sourceTree = "<group>"; };
		45FB574D239BA617005B3417 /* Base */ = {isa = PBXFileReference; lastKnownFileType = file.storyboard; name = Base; path = Base.lproj/Main.storyboard; sourceTree = "<group>"; };
		45FB574E239BA617005B3417 /* Base */ = {isa = PBXFileReference; lastKnownFileType = file.storyboard; name = Base; path = Base.lproj/LaunchScreen.storyboard; sourceTree = "<group>"; };
		45FB574F239BA67C005B3417 /* de */ = {isa = PBXFileReference; lastKnownFileType = text.plist.strings; name = de; path = de.lproj/Main.strings; sourceTree = "<group>"; };
		45FB5750239BA67C005B3417 /* de */ = {isa = PBXFileReference; lastKnownFileType = text.plist.strings; name = de; path = de.lproj/LaunchScreen.strings; sourceTree = "<group>"; };
		45FB5751239BA7A5005B3417 /* de */ = {isa = PBXFileReference; lastKnownFileType = text.plist.strings; name = de; path = de.lproj/Localizable.strings; sourceTree = "<group>"; };
/* End PBXFileReference section */

/* Begin PBXFrameworksBuildPhase section */
		458FB802237F0F1A0060A8FB /* Frameworks */ = {
			isa = PBXFrameworksBuildPhase;
			buildActionMask = 2147483647;
			files = (
			);
			runOnlyForDeploymentPostprocessing = 0;
		};
/* End PBXFrameworksBuildPhase section */

/* Begin PBXGroup section */
		45552BB624588581006E241D /* Views */ = {
			isa = PBXGroup;
			children = (
				458FB80E237F0F1A0060A8FB /* Main.storyboard */,
				458FB816237F0F1B0060A8FB /* LaunchScreen.storyboard */,
				452ECC9623F9844A00909ED5 /* ScannerView.xib */,
			);
			path = Views;
			sourceTree = "<group>";
		};
		45552BB72458860B006E241D /* ViewControllers */ = {
			isa = PBXGroup;
			children = (
				458FB80C237F0F1A0060A8FB /* ViewController.swift */,
				458FB81F237F119A0060A8FB /* Questionnaire.swift */,
				458FB821237FF1D30060A8FB /* TriageGroupDisplay.swift */,
				45FB5742239BA082005B3417 /* ScannerView.swift */,
				4520E64A23F95B5400BBD06F /* personViewController.swift */,
				4520E64C23F95D2300BBD06F /* personCell.swift */,
			);
			path = ViewControllers;
			sourceTree = "<group>";
		};
		458FB7FC237F0F1A0060A8FB = {
			isa = PBXGroup;
			children = (
				458FB807237F0F1A0060A8FB /* pSTaRT */,
				458FB806237F0F1A0060A8FB /* Products */,
			);
			sourceTree = "<group>";
		};
		458FB806237F0F1A0060A8FB /* Products */ = {
			isa = PBXGroup;
			children = (
				458FB805237F0F1A0060A8FB /* pSTaRT.app */,
			);
			name = Products;
			sourceTree = "<group>";
		};
		458FB807237F0F1A0060A8FB /* pSTaRT */ = {
			isa = PBXGroup;
			children = (
				458FB808237F0F1A0060A8FB /* AppDelegate.swift */,
				458FB80A237F0F1A0060A8FB /* SceneDelegate.swift */,
				45552BB624588581006E241D /* Views */,
				458FB814237F0F1B0060A8FB /* Assets.xcassets */,
				458FB819237F0F1B0060A8FB /* Info.plist */,
				458FB811237F0F1A0060A8FB /* pSTaRT.xcdatamodeld */,
				45552BB72458860B006E241D /* ViewControllers */,
				457AA76D23806AF100A11755 /* Localizable.strings */,
				4520E64823F955A800BBD06F /* DBHelper.swift */,
				452ECC6D23F96F3900909ED5 /* pSTaRTErrors.swift */,
				452ECC9D23F986ED00909ED5 /* InfoPlist.strings */,
				458DB650245C23110072CF45 /* HelperFunctions.swift */,
			);
			path = pSTaRT;
			sourceTree = "<group>";
		};
/* End PBXGroup section */

/* Begin PBXNativeTarget section */
		458FB804237F0F1A0060A8FB /* pSTaRT */ = {
			isa = PBXNativeTarget;
			buildConfigurationList = 458FB81C237F0F1B0060A8FB /* Build configuration list for PBXNativeTarget "pSTaRT" */;
			buildPhases = (
				458FB801237F0F1A0060A8FB /* Sources */,
				458FB802237F0F1A0060A8FB /* Frameworks */,
				458FB803237F0F1A0060A8FB /* Resources */,
			);
			buildRules = (
			);
			dependencies = (
			);
			name = pSTaRT;
			productName = pSTaRT;
			productReference = 458FB805237F0F1A0060A8FB /* pSTaRT.app */;
			productType = "com.apple.product-type.application";
		};
/* End PBXNativeTarget section */

/* Begin PBXProject section */
		458FB7FD237F0F1A0060A8FB /* Project object */ = {
			isa = PBXProject;
			attributes = {
				LastSwiftUpdateCheck = 1120;
				LastUpgradeCheck = 1120;
				ORGANIZATIONNAME = "Kurt Höblinger";
				TargetAttributes = {
					458FB804237F0F1A0060A8FB = {
						CreatedOnToolsVersion = 11.2;
					};
				};
			};
			buildConfigurationList = 458FB800237F0F1A0060A8FB /* Build configuration list for PBXProject "pSTaRT" */;
			compatibilityVersion = "Xcode 9.3";
			developmentRegion = en;
			hasScannedForEncodings = 0;
			knownRegions = (
				en,
				Base,
				de,
			);
			mainGroup = 458FB7FC237F0F1A0060A8FB;
			productRefGroup = 458FB806237F0F1A0060A8FB /* Products */;
			projectDirPath = "";
			projectRoot = "";
			targets = (
				458FB804237F0F1A0060A8FB /* pSTaRT */,
			);
		};
/* End PBXProject section */

/* Begin PBXResourcesBuildPhase section */
		458FB803237F0F1A0060A8FB /* Resources */ = {
			isa = PBXResourcesBuildPhase;
			buildActionMask = 2147483647;
			files = (
				458FB818237F0F1B0060A8FB /* LaunchScreen.storyboard in Resources */,
				452ECC9B23F986ED00909ED5 /* InfoPlist.strings in Resources */,
				452ECC9423F9844A00909ED5 /* ScannerView.xib in Resources */,
				457AA76B23806AF100A11755 /* Localizable.strings in Resources */,
				458FB815237F0F1B0060A8FB /* Assets.xcassets in Resources */,
				458FB810237F0F1A0060A8FB /* Main.storyboard in Resources */,
			);
			runOnlyForDeploymentPostprocessing = 0;
		};
/* End PBXResourcesBuildPhase section */

/* Begin PBXSourcesBuildPhase section */
		458FB801237F0F1A0060A8FB /* Sources */ = {
			isa = PBXSourcesBuildPhase;
			buildActionMask = 2147483647;
			files = (
				4520E64B23F95B5400BBD06F /* personViewController.swift in Sources */,
				458DB651245C23110072CF45 /* HelperFunctions.swift in Sources */,
				458FB820237F119A0060A8FB /* Questionnaire.swift in Sources */,
				458FB80D237F0F1A0060A8FB /* ViewController.swift in Sources */,
				458FB822237FF1D30060A8FB /* TriageGroupDisplay.swift in Sources */,
				458FB813237F0F1A0060A8FB /* pSTaRT.xcdatamodeld in Sources */,
				452ECC6E23F96F3900909ED5 /* pSTaRTErrors.swift in Sources */,
				458FB809237F0F1A0060A8FB /* AppDelegate.swift in Sources */,
				4520E64D23F95D2300BBD06F /* personCell.swift in Sources */,
				45FB5743239BA082005B3417 /* ScannerView.swift in Sources */,
				458FB80B237F0F1A0060A8FB /* SceneDelegate.swift in Sources */,
				4520E64923F955A800BBD06F /* DBHelper.swift in Sources */,
			);
			runOnlyForDeploymentPostprocessing = 0;
		};
/* End PBXSourcesBuildPhase section */

/* Begin PBXVariantGroup section */
		452ECC9623F9844A00909ED5 /* ScannerView.xib */ = {
			isa = PBXVariantGroup;
			children = (
				452ECC9523F9844A00909ED5 /* Base */,
				452ECC9823F9845100909ED5 /* de */,
			);
			name = ScannerView.xib;
			sourceTree = "<group>";
		};
		452ECC9D23F986ED00909ED5 /* InfoPlist.strings */ = {
			isa = PBXVariantGroup;
			children = (
				452ECC9C23F986ED00909ED5 /* en */,
				452ECC9E23F986F100909ED5 /* de */,
			);
			name = InfoPlist.strings;
			sourceTree = "<group>";
		};
		457AA76D23806AF100A11755 /* Localizable.strings */ = {
			isa = PBXVariantGroup;
			children = (
				457AA76E23806AF300A11755 /* en */,
				45FB5751239BA7A5005B3417 /* de */,
			);
			name = Localizable.strings;
			sourceTree = "<group>";
		};
		458FB80E237F0F1A0060A8FB /* Main.storyboard */ = {
			isa = PBXVariantGroup;
			children = (
				45FB574D239BA617005B3417 /* Base */,
				45FB574F239BA67C005B3417 /* de */,
			);
			name = Main.storyboard;
			sourceTree = "<group>";
		};
		458FB816237F0F1B0060A8FB /* LaunchScreen.storyboard */ = {
			isa = PBXVariantGroup;
			children = (
				45FB574E239BA617005B3417 /* Base */,
				45FB5750239BA67C005B3417 /* de */,
			);
			name = LaunchScreen.storyboard;
			sourceTree = "<group>";
		};
/* End PBXVariantGroup section */

/* Begin XCBuildConfiguration section */
		458FB81A237F0F1B0060A8FB /* Debug */ = {
			isa = XCBuildConfiguration;
			buildSettings = {
				ALWAYS_SEARCH_USER_PATHS = NO;
				CLANG_ANALYZER_LOCALIZABILITY_NONLOCALIZED = YES;
				CLANG_ANALYZER_NONNULL = YES;
				CLANG_ANALYZER_NUMBER_OBJECT_CONVERSION = YES_AGGRESSIVE;
				CLANG_CXX_LANGUAGE_STANDARD = "gnu++14";
				CLANG_CXX_LIBRARY = "libc++";
				CLANG_ENABLE_MODULES = YES;
				CLANG_ENABLE_OBJC_ARC = YES;
				CLANG_ENABLE_OBJC_WEAK = YES;
				CLANG_WARN_BLOCK_CAPTURE_AUTORELEASING = YES;
				CLANG_WARN_BOOL_CONVERSION = YES;
				CLANG_WARN_COMMA = YES;
				CLANG_WARN_CONSTANT_CONVERSION = YES;
				CLANG_WARN_DEPRECATED_OBJC_IMPLEMENTATIONS = YES;
				CLANG_WARN_DIRECT_OBJC_ISA_USAGE = YES_ERROR;
				CLANG_WARN_DOCUMENTATION_COMMENTS = YES;
				CLANG_WARN_EMPTY_BODY = YES;
				CLANG_WARN_ENUM_CONVERSION = YES;
				CLANG_WARN_INFINITE_RECURSION = YES;
				CLANG_WARN_INT_CONVERSION = YES;
				CLANG_WARN_NON_LITERAL_NULL_CONVERSION = YES;
				CLANG_WARN_OBJC_IMPLICIT_RETAIN_SELF = YES;
				CLANG_WARN_OBJC_LITERAL_CONVERSION = YES;
				CLANG_WARN_OBJC_ROOT_CLASS = YES_ERROR;
				CLANG_WARN_RANGE_LOOP_ANALYSIS = YES;
				CLANG_WARN_STRICT_PROTOTYPES = YES;
				CLANG_WARN_SUSPICIOUS_MOVE = YES;
				CLANG_WARN_UNGUARDED_AVAILABILITY = YES_AGGRESSIVE;
				CLANG_WARN_UNREACHABLE_CODE = YES;
				CLANG_WARN__DUPLICATE_METHOD_MATCH = YES;
				COPY_PHASE_STRIP = NO;
				DEBUG_INFORMATION_FORMAT = dwarf;
				ENABLE_STRICT_OBJC_MSGSEND = YES;
				ENABLE_TESTABILITY = YES;
				GCC_C_LANGUAGE_STANDARD = gnu11;
				GCC_DYNAMIC_NO_PIC = NO;
				GCC_NO_COMMON_BLOCKS = YES;
				GCC_OPTIMIZATION_LEVEL = 0;
				GCC_PREPROCESSOR_DEFINITIONS = (
					"DEBUG=1",
					"$(inherited)",
				);
				GCC_WARN_64_TO_32_BIT_CONVERSION = YES;
				GCC_WARN_ABOUT_RETURN_TYPE = YES_ERROR;
				GCC_WARN_UNDECLARED_SELECTOR = YES;
				GCC_WARN_UNINITIALIZED_AUTOS = YES_AGGRESSIVE;
				GCC_WARN_UNUSED_FUNCTION = YES;
				GCC_WARN_UNUSED_VARIABLE = YES;
				IPHONEOS_DEPLOYMENT_TARGET = 13.2;
				MTL_ENABLE_DEBUG_INFO = INCLUDE_SOURCE;
				MTL_FAST_MATH = YES;
				ONLY_ACTIVE_ARCH = YES;
				SDKROOT = iphoneos;
				SWIFT_ACTIVE_COMPILATION_CONDITIONS = DEBUG;
				SWIFT_OPTIMIZATION_LEVEL = "-Onone";
			};
			name = Debug;
		};
		458FB81B237F0F1B0060A8FB /* Release */ = {
			isa = XCBuildConfiguration;
			buildSettings = {
				ALWAYS_SEARCH_USER_PATHS = NO;
				CLANG_ANALYZER_LOCALIZABILITY_NONLOCALIZED = YES;
				CLANG_ANALYZER_NONNULL = YES;
				CLANG_ANALYZER_NUMBER_OBJECT_CONVERSION = YES_AGGRESSIVE;
				CLANG_CXX_LANGUAGE_STANDARD = "gnu++14";
				CLANG_CXX_LIBRARY = "libc++";
				CLANG_ENABLE_MODULES = YES;
				CLANG_ENABLE_OBJC_ARC = YES;
				CLANG_ENABLE_OBJC_WEAK = YES;
				CLANG_WARN_BLOCK_CAPTURE_AUTORELEASING = YES;
				CLANG_WARN_BOOL_CONVERSION = YES;
				CLANG_WARN_COMMA = YES;
				CLANG_WARN_CONSTANT_CONVERSION = YES;
				CLANG_WARN_DEPRECATED_OBJC_IMPLEMENTATIONS = YES;
				CLANG_WARN_DIRECT_OBJC_ISA_USAGE = YES_ERROR;
				CLANG_WARN_DOCUMENTATION_COMMENTS = YES;
				CLANG_WARN_EMPTY_BODY = YES;
				CLANG_WARN_ENUM_CONVERSION = YES;
				CLANG_WARN_INFINITE_RECURSION = YES;
				CLANG_WARN_INT_CONVERSION = YES;
				CLANG_WARN_NON_LITERAL_NULL_CONVERSION = YES;
				CLANG_WARN_OBJC_IMPLICIT_RETAIN_SELF = YES;
				CLANG_WARN_OBJC_LITERAL_CONVERSION = YES;
				CLANG_WARN_OBJC_ROOT_CLASS = YES_ERROR;
				CLANG_WARN_RANGE_LOOP_ANALYSIS = YES;
				CLANG_WARN_STRICT_PROTOTYPES = YES;
				CLANG_WARN_SUSPICIOUS_MOVE = YES;
				CLANG_WARN_UNGUARDED_AVAILABILITY = YES_AGGRESSIVE;
				CLANG_WARN_UNREACHABLE_CODE = YES;
				CLANG_WARN__DUPLICATE_METHOD_MATCH = YES;
				COPY_PHASE_STRIP = NO;
				DEBUG_INFORMATION_FORMAT = "dwarf-with-dsym";
				ENABLE_NS_ASSERTIONS = NO;
				ENABLE_STRICT_OBJC_MSGSEND = YES;
				GCC_C_LANGUAGE_STANDARD = gnu11;
				GCC_NO_COMMON_BLOCKS = YES;
				GCC_WARN_64_TO_32_BIT_CONVERSION = YES;
				GCC_WARN_ABOUT_RETURN_TYPE = YES_ERROR;
				GCC_WARN_UNDECLARED_SELECTOR = YES;
				GCC_WARN_UNINITIALIZED_AUTOS = YES_AGGRESSIVE;
				GCC_WARN_UNUSED_FUNCTION = YES;
				GCC_WARN_UNUSED_VARIABLE = YES;
				IPHONEOS_DEPLOYMENT_TARGET = 13.2;
				MTL_ENABLE_DEBUG_INFO = NO;
				MTL_FAST_MATH = YES;
				SDKROOT = iphoneos;
				SWIFT_COMPILATION_MODE = wholemodule;
				SWIFT_OPTIMIZATION_LEVEL = "-O";
				VALIDATE_PRODUCT = YES;
			};
			name = Release;
		};
		458FB81D237F0F1B0060A8FB /* Debug */ = {
			isa = XCBuildConfiguration;
			buildSettings = {
				ASSETCATALOG_COMPILER_APPICON_NAME = AppIcon;
				CODE_SIGN_STYLE = Automatic;
				CURRENT_PROJECT_VERSION = 7;
				DEVELOPMENT_TEAM = PMCWJ9GD9L;
				INFOPLIST_FILE = pSTaRT/Info.plist;
				LD_RUNPATH_SEARCH_PATHS = (
					"$(inherited)",
					"@executable_path/Frameworks",
				);
				MARKETING_VERSION = 2.1;
				PRODUCT_BUNDLE_IDENTIFIER = com.nitricware.pstart;
				PRODUCT_NAME = "$(TARGET_NAME)";
				SWIFT_VERSION = 5.0;
				TARGETED_DEVICE_FAMILY = 1;
			};
			name = Debug;
		};
		458FB81E237F0F1B0060A8FB /* Release */ = {
			isa = XCBuildConfiguration;
			buildSettings = {
				ASSETCATALOG_COMPILER_APPICON_NAME = AppIcon;
				CODE_SIGN_STYLE = Automatic;
				CURRENT_PROJECT_VERSION = 7;
				DEVELOPMENT_TEAM = PMCWJ9GD9L;
				INFOPLIST_FILE = pSTaRT/Info.plist;
				LD_RUNPATH_SEARCH_PATHS = (
					"$(inherited)",
					"@executable_path/Frameworks",
				);
				MARKETING_VERSION = 2.1;
				PRODUCT_BUNDLE_IDENTIFIER = com.nitricware.pstart;
				PRODUCT_NAME = "$(TARGET_NAME)";
				SWIFT_VERSION = 5.0;
				TARGETED_DEVICE_FAMILY = 1;
			};
			name = Release;
		};
/* End XCBuildConfiguration section */

/* Begin XCConfigurationList section */
		458FB800237F0F1A0060A8FB /* Build configuration list for PBXProject "pSTaRT" */ = {
			isa = XCConfigurationList;
			buildConfigurations = (
				458FB81A237F0F1B0060A8FB /* Debug */,
				458FB81B237F0F1B0060A8FB /* Release */,
			);
			defaultConfigurationIsVisible = 0;
			defaultConfigurationName = Release;
		};
		458FB81C237F0F1B0060A8FB /* Build configuration list for PBXNativeTarget "pSTaRT" */ = {
			isa = XCConfigurationList;
			buildConfigurations = (
				458FB81D237F0F1B0060A8FB /* Debug */,
				458FB81E237F0F1B0060A8FB /* Release */,
			);
			defaultConfigurationIsVisible = 0;
			defaultConfigurationName = Release;
		};
/* End XCConfigurationList section */

/* Begin XCVersionGroup section */
		458FB811237F0F1A0060A8FB /* pSTaRT.xcdatamodeld */ = {
			isa = XCVersionGroup;
			children = (
				458FB812237F0F1A0060A8FB /* pSTaRT.xcdatamodel */,
			);
			currentVersion = 458FB812237F0F1A0060A8FB /* pSTaRT.xcdatamodel */;
			path = pSTaRT.xcdatamodeld;
			sourceTree = "<group>";
			versionGroupType = wrapper.xcdatamodel;
		};
/* End XCVersionGroup section */
	};
	rootObject = 458FB7FD237F0F1A0060A8FB /* Project object */;
}
